
Microsoft Visual Studio Solution File, Format Version 12.00
# Visual Studio 15
VisualStudioVersion = 15.0.28307.168
MinimumVisualStudioVersion = 10.0.40219.1
Project("{9092AA53-FB77-4645-B42D-1CCCA6BD08BD}") = "SIC43NT_NodeServer", "SIC43NT_NodeServer.njsproj", "{132CCE57-BDA4-4C82-8229-020581A932BA}"
EndProject
Global
	GlobalSection(SolutionConfigurationPlatforms) = preSolution
		Debug|Any CPU = Debug|Any CPU
		Release|Any CPU = Release|Any CPU
	EndGlobalSection
	GlobalSection(ProjectConfigurationPlatforms) = postSolution
		{132CCE57-BDA4-4C82-8229-020581A932BA}.Debug|Any CPU.ActiveCfg = Debug|Any CPU
		{132CCE57-BDA4-4C82-8229-020581A932BA}.Debug|Any CPU.Build.0 = Debug|Any CPU
		{132CCE57-BDA4-4C82-8229-020581A932BA}.Release|Any CPU.ActiveCfg = Release|Any CPU
		{132CCE57-BDA4-4C82-8229-020581A932BA}.Release|Any CPU.Build.0 = Release|Any CPU
	EndGlobalSection
	GlobalSection(SolutionProperties) = preSolution
		HideSolutionNode = FALSE
	EndGlobalSection
	GlobalSection(ExtensibilityGlobals) = postSolution
		SolutionGuid = {42312193-E366-4DD3-B7A5-1ED78CD84E04}
	EndGlobalSection
EndGlobal
